
Microsoft Visual Studio Solution File, Format Version 12.00
# Visual Studio Version 17
VisualStudioVersion = 17.13.35806.99 d17.13
MinimumVisualStudioVersion = 10.0.40219.1
Project("{FAE04EC0-301F-11D3-BF4B-00C04F79EFBC}") = "ApiEventosCulturais", "ApiEventosCulturais\ApiEventosCulturais.csproj", "{C0F9EFAB-A36F-474F-9ECC-19F79B1E10DE}"
EndProject
Global
	GlobalSection(SolutionConfigurationPlatforms) = preSolution
		Debug|Any CPU = Debug|Any CPU
		Release|Any CPU = Release|Any CPU
	EndGlobalSection
	GlobalSection(ProjectConfigurationPlatforms) = postSolution
		{C0F9EFAB-A36F-474F-9ECC-19F79B1E10DE}.Debug|Any CPU.ActiveCfg = Debug|Any CPU
		{C0F9EFAB-A36F-474F-9ECC-19F79B1E10DE}.Debug|Any CPU.Build.0 = Debug|Any CPU
		{C0F9EFAB-A36F-474F-9ECC-19F79B1E10DE}.Release|Any CPU.ActiveCfg = Release|Any CPU
		{C0F9EFAB-A36F-474F-9ECC-19F79B1E10DE}.Release|Any CPU.Build.0 = Release|Any CPU
	EndGlobalSection
	GlobalSection(SolutionProperties) = preSolution
		HideSolutionNode = FALSE
	EndGlobalSection
	GlobalSection(ExtensibilityGlobals) = postSolution
		SolutionGuid = {1BF9CD74-FFC6-44F1-A6FF-CE262B276CBF}
	EndGlobalSection
EndGlobal
